
Microsoft Visual Studio Solution File, Format Version 12.00
# Visual Studio 14
VisualStudioVersion = 14.0.23107.0
MinimumVisualStudioVersion = 10.0.40219.1
Project("{FAE04EC0-301F-11D3-BF4B-00C04F79EFBC}") = "1.Feathers", "Feathers\1.Feathers.csproj", "{D2B1AC95-F05C-4509-925E-AE6D9F8CDED0}"
EndProject
Project("{FAE04EC0-301F-11D3-BF4B-00C04F79EFBC}") = "2.Busses", "Busses\2.Busses.csproj", "{D1A9CA1A-DC05-42C0-8033-E9DD2E0FD0ED}"
EndProject
Project("{FAE04EC0-301F-11D3-BF4B-00C04F79EFBC}") = "4.Batman", "Batman\4.Batman.csproj", "{695F2ABD-A8E8-49E2-A8FD-516BF94C1389}"
EndProject
Project("{FAE04EC0-301F-11D3-BF4B-00C04F79EFBC}") = "3.NumberOfPages", "NumberOfPages\3.NumberOfPages.csproj", "{126EB3CF-4A56-46F1-8665-C2DDEC86B719}"
EndProject
Project("{FAE04EC0-301F-11D3-BF4B-00C04F79EFBC}") = "5.BobbyAvokadoto", "BobbyAvokadoto\5.BobbyAvokadoto.csproj", "{6C2F19F9-5F8B-47F4-8532-5E166766043B}"
EndProject
Project("{FAE04EC0-301F-11D3-BF4B-00C04F79EFBC}") = "ConsoleApplication1", "ConsoleApplication1\ConsoleApplication1.csproj", "{DD132CB7-B0CE-4D4B-A8F2-17326B5C66EE}"
EndProject
Global
	GlobalSection(SolutionConfigurationPlatforms) = preSolution
		Debug|Any CPU = Debug|Any CPU
		Release|Any CPU = Release|Any CPU
	EndGlobalSection
	GlobalSection(ProjectConfigurationPlatforms) = postSolution
		{D2B1AC95-F05C-4509-925E-AE6D9F8CDED0}.Debug|Any CPU.ActiveCfg = Debug|Any CPU
		{D2B1AC95-F05C-4509-925E-AE6D9F8CDED0}.Debug|Any CPU.Build.0 = Debug|Any CPU
		{D2B1AC95-F05C-4509-925E-AE6D9F8CDED0}.Release|Any CPU.ActiveCfg = Release|Any CPU
		{D2B1AC95-F05C-4509-925E-AE6D9F8CDED0}.Release|Any CPU.Build.0 = Release|Any CPU
		{D1A9CA1A-DC05-42C0-8033-E9DD2E0FD0ED}.Debug|Any CPU.ActiveCfg = Debug|Any CPU
		{D1A9CA1A-DC05-42C0-8033-E9DD2E0FD0ED}.Debug|Any CPU.Build.0 = Debug|Any CPU
		{D1A9CA1A-DC05-42C0-8033-E9DD2E0FD0ED}.Release|Any CPU.ActiveCfg = Release|Any CPU
		{D1A9CA1A-DC05-42C0-8033-E9DD2E0FD0ED}.Release|Any CPU.Build.0 = Release|Any CPU
		{695F2ABD-A8E8-49E2-A8FD-516BF94C1389}.Debug|Any CPU.ActiveCfg = Debug|Any CPU
		{695F2ABD-A8E8-49E2-A8FD-516BF94C1389}.Debug|Any CPU.Build.0 = Debug|Any CPU
		{695F2ABD-A8E8-49E2-A8FD-516BF94C1389}.Release|Any CPU.ActiveCfg = Release|Any CPU
		{695F2ABD-A8E8-49E2-A8FD-516BF94C1389}.Release|Any CPU.Build.0 = Release|Any CPU
		{126EB3CF-4A56-46F1-8665-C2DDEC86B719}.Debug|Any CPU.ActiveCfg = Debug|Any CPU
		{126EB3CF-4A56-46F1-8665-C2DDEC86B719}.Debug|Any CPU.Build.0 = Debug|Any CPU
		{126EB3CF-4A56-46F1-8665-C2DDEC86B719}.Release|Any CPU.ActiveCfg = Release|Any CPU
		{126EB3CF-4A56-46F1-8665-C2DDEC86B719}.Release|Any CPU.Build.0 = Release|Any CPU
		{6C2F19F9-5F8B-47F4-8532-5E166766043B}.Debug|Any CPU.ActiveCfg = Debug|Any CPU
		{6C2F19F9-5F8B-47F4-8532-5E166766043B}.Debug|Any CPU.Build.0 = Debug|Any CPU
		{6C2F19F9-5F8B-47F4-8532-5E166766043B}.Release|Any CPU.ActiveCfg = Release|Any CPU
		{6C2F19F9-5F8B-47F4-8532-5E166766043B}.Release|Any CPU.Build.0 = Release|Any CPU
		{DD132CB7-B0CE-4D4B-A8F2-17326B5C66EE}.Debug|Any CPU.ActiveCfg = Debug|Any CPU
		{DD132CB7-B0CE-4D4B-A8F2-17326B5C66EE}.Debug|Any CPU.Build.0 = Debug|Any CPU
		{DD132CB7-B0CE-4D4B-A8F2-17326B5C66EE}.Release|Any CPU.ActiveCfg = Release|Any CPU
		{DD132CB7-B0CE-4D4B-A8F2-17326B5C66EE}.Release|Any CPU.Build.0 = Release|Any CPU
	EndGlobalSection
	GlobalSection(SolutionProperties) = preSolution
		HideSolutionNode = FALSE
	EndGlobalSection
EndGlobal
